
Microsoft Visual Studio Solution File, Format Version 12.00
# Visual Studio Version 16
VisualStudioVersion = 16.0.29020.237
MinimumVisualStudioVersion = 10.0.40219.1
Project("{FAE04EC0-301F-11D3-BF4B-00C04F79EFBC}") = "Generics", "Generics\Generics.csproj", "{B5B25006-F1E0-415D-9D0F-8AD9CFE0E824}"
EndProject
Project("{FAE04EC0-301F-11D3-BF4B-00C04F79EFBC}") = "Delegates", "Delegates\Delegates.csproj", "{16A0DD8C-F747-4D56-A50B-6E15448EE775}"
EndProject
Global
	GlobalSection(SolutionConfigurationPlatforms) = preSolution
		Debug|Any CPU = Debug|Any CPU
		Release|Any CPU = Release|Any CPU
	EndGlobalSection
	GlobalSection(ProjectConfigurationPlatforms) = postSolution
		{B5B25006-F1E0-415D-9D0F-8AD9CFE0E824}.Debug|Any CPU.ActiveCfg = Debug|Any CPU
		{B5B25006-F1E0-415D-9D0F-8AD9CFE0E824}.Debug|Any CPU.Build.0 = Debug|Any CPU
		{B5B25006-F1E0-415D-9D0F-8AD9CFE0E824}.Release|Any CPU.ActiveCfg = Release|Any CPU
		{B5B25006-F1E0-415D-9D0F-8AD9CFE0E824}.Release|Any CPU.Build.0 = Release|Any CPU
		{16A0DD8C-F747-4D56-A50B-6E15448EE775}.Debug|Any CPU.ActiveCfg = Debug|Any CPU
		{16A0DD8C-F747-4D56-A50B-6E15448EE775}.Debug|Any CPU.Build.0 = Debug|Any CPU
		{16A0DD8C-F747-4D56-A50B-6E15448EE775}.Release|Any CPU.ActiveCfg = Release|Any CPU
		{16A0DD8C-F747-4D56-A50B-6E15448EE775}.Release|Any CPU.Build.0 = Release|Any CPU
	EndGlobalSection
	GlobalSection(SolutionProperties) = preSolution
		HideSolutionNode = FALSE
	EndGlobalSection
	GlobalSection(ExtensibilityGlobals) = postSolution
		SolutionGuid = {FFE9DD17-4226-4EDE-A2A9-4A5BA5785CCF}
	EndGlobalSection
EndGlobal
