
Microsoft Visual Studio Solution File, Format Version 12.00
# Visual Studio Version 16
VisualStudioVersion = 16.0.29020.237
MinimumVisualStudioVersion = 10.0.40219.1
Project("{00D1A9C2-B5F0-4AF3-8072-F6C62B433612}") = "SQLProject", "SQLProject\SQLProject.sqlproj", "{2E171AF6-E887-4CD1-B0C6-F31808EA7582}"
EndProject
Global
	GlobalSection(SolutionConfigurationPlatforms) = preSolution
		Debug|Any CPU = Debug|Any CPU
		Release|Any CPU = Release|Any CPU
	EndGlobalSection
	GlobalSection(ProjectConfigurationPlatforms) = postSolution
		{2E171AF6-E887-4CD1-B0C6-F31808EA7582}.Debug|Any CPU.ActiveCfg = Debug|Any CPU
		{2E171AF6-E887-4CD1-B0C6-F31808EA7582}.Debug|Any CPU.Build.0 = Debug|Any CPU
		{2E171AF6-E887-4CD1-B0C6-F31808EA7582}.Debug|Any CPU.Deploy.0 = Debug|Any CPU
		{2E171AF6-E887-4CD1-B0C6-F31808EA7582}.Release|Any CPU.ActiveCfg = Release|Any CPU
		{2E171AF6-E887-4CD1-B0C6-F31808EA7582}.Release|Any CPU.Build.0 = Release|Any CPU
		{2E171AF6-E887-4CD1-B0C6-F31808EA7582}.Release|Any CPU.Deploy.0 = Release|Any CPU
	EndGlobalSection
	GlobalSection(SolutionProperties) = preSolution
		HideSolutionNode = FALSE
	EndGlobalSection
	GlobalSection(ExtensibilityGlobals) = postSolution
		SolutionGuid = {2B308DC3-5306-4497-84E1-F05E37CF7A94}
	EndGlobalSection
EndGlobal
